
Microsoft Visual Studio Solution File, Format Version 12.00
# Visual Studio Version 16
VisualStudioVersion = 16.0.30804.86
MinimumVisualStudioVersion = 10.0.40219.1
Project("{9A19103F-16F7-4668-BE54-9A1E7A4F7556}") = "SPP_1", "SPP_1.csproj", "{90AAEAE6-2D8B-4EAD-AD3D-93CA5332A262}"
EndProject
Global
	GlobalSection(SolutionConfigurationPlatforms) = preSolution
		Debug|Any CPU = Debug|Any CPU
		Release|Any CPU = Release|Any CPU
	EndGlobalSection
	GlobalSection(ProjectConfigurationPlatforms) = postSolution
		{90AAEAE6-2D8B-4EAD-AD3D-93CA5332A262}.Debug|Any CPU.ActiveCfg = Debug|Any CPU
		{90AAEAE6-2D8B-4EAD-AD3D-93CA5332A262}.Debug|Any CPU.Build.0 = Debug|Any CPU
		{90AAEAE6-2D8B-4EAD-AD3D-93CA5332A262}.Release|Any CPU.ActiveCfg = Release|Any CPU
		{90AAEAE6-2D8B-4EAD-AD3D-93CA5332A262}.Release|Any CPU.Build.0 = Release|Any CPU
	EndGlobalSection
	GlobalSection(SolutionProperties) = preSolution
		HideSolutionNode = FALSE
	EndGlobalSection
	GlobalSection(ExtensibilityGlobals) = postSolution
		SolutionGuid = {0E4418BA-E5DE-460E-A700-A83608AF9EB0}
	EndGlobalSection
EndGlobal
